
Microsoft Visual Studio Solution File, Format Version 12.00
# Visual Studio 14
VisualStudioVersion = 14.0.25420.1
MinimumVisualStudioVersion = 10.0.40219.1
Project("{FAE04EC0-301F-11D3-BF4B-00C04F79EFBC}") = "Emaratech.Services.Zajel", "Emaratech.Services.Zajel\Emaratech.Services.Zajel.csproj", "{21D37DC7-B665-4011-AE1C-1C86F1813E82}"
EndProject
Project("{FAE04EC0-301F-11D3-BF4B-00C04F79EFBC}") = "Emaratech.Services.Zajel.Contracts", "Emaratech.Services.Zajel.Contracts\Emaratech.Services.Zajel.Contracts.csproj", "{DBF4562D-9FA5-4B21-9269-762E9CF9A489}"
EndProject
Project("{FAE04EC0-301F-11D3-BF4B-00C04F79EFBC}") = "Emaratech.Services.Zajel.DataAccess", "Emaratech.Services.Zajel.DataAccess\Emaratech.Services.Zajel.DataAccess.csproj", "{9210060C-4868-4CC6-BFFB-2F2862678B19}"
EndProject
Project("{FAE04EC0-301F-11D3-BF4B-00C04F79EFBC}") = "Emaratech.Services.Zajel.DataAccess.Tests", "Emaratech.Services.Zajel.DataAccess.Tests\Emaratech.Services.Zajel.DataAccess.Tests.csproj", "{6F31085D-D115-4DB7-AD63-5935B4C0D0A4}"
EndProject
Project("{FAE04EC0-301F-11D3-BF4B-00C04F79EFBC}") = "Emaratech.Services.Zajel.Tests", "Emaratech.Services.Zajel.Tests\Emaratech.Services.Zajel.Tests.csproj", "{B400BA8E-D471-4DDE-856F-B5B3504A7C37}"
EndProject
Project("{FAE04EC0-301F-11D3-BF4B-00C04F79EFBC}") = "Emaratech.Services.Zajel.Entities", "Emaratech.Services.Zajel.Entities\Emaratech.Services.Zajel.Entities.csproj", "{6AC16346-17BD-4F65-9C41-2F940820F007}"
EndProject
Project("{FAE04EC0-301F-11D3-BF4B-00C04F79EFBC}") = "Emaratech.Services.Zajel.Common", "Emaratech.Services.Zajel.Common\Emaratech.Services.Zajel.Common.csproj", "{29D25AFF-F93F-46DB-ABC7-B5E266B4274A}"
EndProject
Global
	GlobalSection(SolutionConfigurationPlatforms) = preSolution
		Debug_ednrd_prod|Any CPU = Debug_ednrd_prod|Any CPU
		Debug_ednrd_prod|x86 = Debug_ednrd_prod|x86
		Debug_ednrd_qmg|Any CPU = Debug_ednrd_qmg|Any CPU
		Debug_ednrd_qmg|x86 = Debug_ednrd_qmg|x86
		Debug_ednrd_staging|Any CPU = Debug_ednrd_staging|Any CPU
		Debug_ednrd_staging|x86 = Debug_ednrd_staging|x86
		Debug_fis_qmg|Any CPU = Debug_fis_qmg|Any CPU
		Debug_fis_qmg|x86 = Debug_fis_qmg|x86
		Debug_seaport_qmg|Any CPU = Debug_seaport_qmg|Any CPU
		Debug_seaport_qmg|x86 = Debug_seaport_qmg|x86
		debug_unified_dev|Any CPU = debug_unified_dev|Any CPU
		debug_unified_dev|x86 = debug_unified_dev|x86
		Debug_unified_qmg|Any CPU = Debug_unified_qmg|Any CPU
		Debug_unified_qmg|x86 = Debug_unified_qmg|x86
		Debug|Any CPU = Debug|Any CPU
		Debug|x86 = Debug|x86
		EmaratechDev|Any CPU = EmaratechDev|Any CPU
		EmaratechDev|x86 = EmaratechDev|x86
		Release_ednrd_prod|Any CPU = Release_ednrd_prod|Any CPU
		Release_ednrd_prod|x86 = Release_ednrd_prod|x86
		Release_ednrd_qmg|Any CPU = Release_ednrd_qmg|Any CPU
		Release_ednrd_qmg|x86 = Release_ednrd_qmg|x86
		Release_ednrd_staging|Any CPU = Release_ednrd_staging|Any CPU
		Release_ednrd_staging|x86 = Release_ednrd_staging|x86
		Release_unified_prod|Any CPU = Release_unified_prod|Any CPU
		Release_unified_prod|x86 = Release_unified_prod|x86
		Release_unified_staging|Any CPU = Release_unified_staging|Any CPU
		Release_unified_staging|x86 = Release_unified_staging|x86
		Release|Any CPU = Release|Any CPU
		Release|x86 = Release|x86
		SingleImage|Any CPU = SingleImage|Any CPU
		SingleImage|x86 = SingleImage|x86
	EndGlobalSection
	GlobalSection(ProjectConfigurationPlatforms) = postSolution
		{21D37DC7-B665-4011-AE1C-1C86F1813E82}.Debug_ednrd_prod|Any CPU.ActiveCfg = Debug|Any CPU
		{21D37DC7-B665-4011-AE1C-1C86F1813E82}.Debug_ednrd_prod|Any CPU.Build.0 = Debug|Any CPU
		{21D37DC7-B665-4011-AE1C-1C86F1813E82}.Debug_ednrd_prod|x86.ActiveCfg = Debug|Any CPU
		{21D37DC7-B665-4011-AE1C-1C86F1813E82}.Debug_ednrd_qmg|Any CPU.ActiveCfg = Debug|Any CPU
		{21D37DC7-B665-4011-AE1C-1C86F1813E82}.Debug_ednrd_qmg|x86.ActiveCfg = Debug|Any CPU
		{21D37DC7-B665-4011-AE1C-1C86F1813E82}.Debug_ednrd_staging|Any CPU.ActiveCfg = Debug|Any CPU
		{21D37DC7-B665-4011-AE1C-1C86F1813E82}.Debug_ednrd_staging|x86.ActiveCfg = Debug|Any CPU
		{21D37DC7-B665-4011-AE1C-1C86F1813E82}.Debug_fis_qmg|Any CPU.ActiveCfg = Debug|Any CPU
		{21D37DC7-B665-4011-AE1C-1C86F1813E82}.Debug_fis_qmg|x86.ActiveCfg = Debug|Any CPU
		{21D37DC7-B665-4011-AE1C-1C86F1813E82}.Debug_seaport_qmg|Any CPU.ActiveCfg = Debug|Any CPU
		{21D37DC7-B665-4011-AE1C-1C86F1813E82}.Debug_seaport_qmg|x86.ActiveCfg = Debug|Any CPU
		{21D37DC7-B665-4011-AE1C-1C86F1813E82}.debug_unified_dev|Any CPU.ActiveCfg = Debug|Any CPU
		{21D37DC7-B665-4011-AE1C-1C86F1813E82}.debug_unified_dev|x86.ActiveCfg = Debug|Any CPU
		{21D37DC7-B665-4011-AE1C-1C86F1813E82}.Debug_unified_qmg|Any CPU.ActiveCfg = Debug|Any CPU
		{21D37DC7-B665-4011-AE1C-1C86F1813E82}.Debug_unified_qmg|x86.ActiveCfg = Debug|Any CPU
		{21D37DC7-B665-4011-AE1C-1C86F1813E82}.Debug|Any CPU.ActiveCfg = Debug|Any CPU
		{21D37DC7-B665-4011-AE1C-1C86F1813E82}.Debug|Any CPU.Build.0 = Debug|Any CPU
		{21D37DC7-B665-4011-AE1C-1C86F1813E82}.Debug|x86.ActiveCfg = Debug|Any CPU
		{21D37DC7-B665-4011-AE1C-1C86F1813E82}.EmaratechDev|Any CPU.ActiveCfg = EmaratechDev|Any CPU
		{21D37DC7-B665-4011-AE1C-1C86F1813E82}.EmaratechDev|Any CPU.Build.0 = EmaratechDev|Any CPU
		{21D37DC7-B665-4011-AE1C-1C86F1813E82}.EmaratechDev|x86.ActiveCfg = EmaratechDev|Any CPU
		{21D37DC7-B665-4011-AE1C-1C86F1813E82}.Release_ednrd_prod|Any CPU.ActiveCfg = Release|Any CPU
		{21D37DC7-B665-4011-AE1C-1C86F1813E82}.Release_ednrd_prod|x86.ActiveCfg = Release|Any CPU
		{21D37DC7-B665-4011-AE1C-1C86F1813E82}.Release_ednrd_qmg|Any CPU.ActiveCfg = Release|Any CPU
		{21D37DC7-B665-4011-AE1C-1C86F1813E82}.Release_ednrd_qmg|x86.ActiveCfg = Release|Any CPU
		{21D37DC7-B665-4011-AE1C-1C86F1813E82}.Release_ednrd_staging|Any CPU.ActiveCfg = Release|Any CPU
		{21D37DC7-B665-4011-AE1C-1C86F1813E82}.Release_ednrd_staging|x86.ActiveCfg = Release|Any CPU
		{21D37DC7-B665-4011-AE1C-1C86F1813E82}.Release_unified_prod|Any CPU.ActiveCfg = Release|Any CPU
		{21D37DC7-B665-4011-AE1C-1C86F1813E82}.Release_unified_prod|x86.ActiveCfg = Release|Any CPU
		{21D37DC7-B665-4011-AE1C-1C86F1813E82}.Release_unified_staging|Any CPU.ActiveCfg = Release|Any CPU
		{21D37DC7-B665-4011-AE1C-1C86F1813E82}.Release_unified_staging|x86.ActiveCfg = Release|Any CPU
		{21D37DC7-B665-4011-AE1C-1C86F1813E82}.Release|Any CPU.ActiveCfg = Release|Any CPU
		{21D37DC7-B665-4011-AE1C-1C86F1813E82}.Release|Any CPU.Build.0 = Release|Any CPU
		{21D37DC7-B665-4011-AE1C-1C86F1813E82}.Release|x86.ActiveCfg = Release|Any CPU
		{21D37DC7-B665-4011-AE1C-1C86F1813E82}.SingleImage|Any CPU.ActiveCfg = Release|Any CPU
		{21D37DC7-B665-4011-AE1C-1C86F1813E82}.SingleImage|x86.ActiveCfg = Release|Any CPU
		{DBF4562D-9FA5-4B21-9269-762E9CF9A489}.Debug_ednrd_prod|Any CPU.ActiveCfg = Debug|Any CPU
		{DBF4562D-9FA5-4B21-9269-762E9CF9A489}.Debug_ednrd_prod|Any CPU.Build.0 = Debug|Any CPU
		{DBF4562D-9FA5-4B21-9269-762E9CF9A489}.Debug_ednrd_prod|x86.ActiveCfg = Debug|Any CPU
		{DBF4562D-9FA5-4B21-9269-762E9CF9A489}.Debug_ednrd_qmg|Any CPU.ActiveCfg = Debug|Any CPU
		{DBF4562D-9FA5-4B21-9269-762E9CF9A489}.Debug_ednrd_qmg|x86.ActiveCfg = Debug|Any CPU
		{DBF4562D-9FA5-4B21-9269-762E9CF9A489}.Debug_ednrd_staging|Any CPU.ActiveCfg = Debug|Any CPU
		{DBF4562D-9FA5-4B21-9269-762E9CF9A489}.Debug_ednrd_staging|x86.ActiveCfg = Debug|Any CPU
		{DBF4562D-9FA5-4B21-9269-762E9CF9A489}.Debug_fis_qmg|Any CPU.ActiveCfg = Debug|Any CPU
		{DBF4562D-9FA5-4B21-9269-762E9CF9A489}.Debug_fis_qmg|x86.ActiveCfg = Debug|Any CPU
		{DBF4562D-9FA5-4B21-9269-762E9CF9A489}.Debug_seaport_qmg|Any CPU.ActiveCfg = Debug|Any CPU
		{DBF4562D-9FA5-4B21-9269-762E9CF9A489}.Debug_seaport_qmg|x86.ActiveCfg = Debug|Any CPU
		{DBF4562D-9FA5-4B21-9269-762E9CF9A489}.debug_unified_dev|Any CPU.ActiveCfg = Debug|Any CPU
		{DBF4562D-9FA5-4B21-9269-762E9CF9A489}.debug_unified_dev|x86.ActiveCfg = Debug|Any CPU
		{DBF4562D-9FA5-4B21-9269-762E9CF9A489}.Debug_unified_qmg|Any CPU.ActiveCfg = Debug|Any CPU
		{DBF4562D-9FA5-4B21-9269-762E9CF9A489}.Debug_unified_qmg|x86.ActiveCfg = Debug|Any CPU
		{DBF4562D-9FA5-4B21-9269-762E9CF9A489}.Debug|Any CPU.ActiveCfg = Debug|Any CPU
		{DBF4562D-9FA5-4B21-9269-762E9CF9A489}.Debug|Any CPU.Build.0 = Debug|Any CPU
		{DBF4562D-9FA5-4B21-9269-762E9CF9A489}.Debug|x86.ActiveCfg = Debug|Any CPU
		{DBF4562D-9FA5-4B21-9269-762E9CF9A489}.EmaratechDev|Any CPU.ActiveCfg = EmaratechDev|Any CPU
		{DBF4562D-9FA5-4B21-9269-762E9CF9A489}.EmaratechDev|Any CPU.Build.0 = EmaratechDev|Any CPU
		{DBF4562D-9FA5-4B21-9269-762E9CF9A489}.EmaratechDev|x86.ActiveCfg = EmaratechDev|Any CPU
		{DBF4562D-9FA5-4B21-9269-762E9CF9A489}.Release_ednrd_prod|Any CPU.ActiveCfg = Release|Any CPU
		{DBF4562D-9FA5-4B21-9269-762E9CF9A489}.Release_ednrd_prod|x86.ActiveCfg = Release|Any CPU
		{DBF4562D-9FA5-4B21-9269-762E9CF9A489}.Release_ednrd_qmg|Any CPU.ActiveCfg = Release|Any CPU
		{DBF4562D-9FA5-4B21-9269-762E9CF9A489}.Release_ednrd_qmg|x86.ActiveCfg = Release|Any CPU
		{DBF4562D-9FA5-4B21-9269-762E9CF9A489}.Release_ednrd_staging|Any CPU.ActiveCfg = Release|Any CPU
		{DBF4562D-9FA5-4B21-9269-762E9CF9A489}.Release_ednrd_staging|x86.ActiveCfg = Release|Any CPU
		{DBF4562D-9FA5-4B21-9269-762E9CF9A489}.Release_unified_prod|Any CPU.ActiveCfg = Release|Any CPU
		{DBF4562D-9FA5-4B21-9269-762E9CF9A489}.Release_unified_prod|x86.ActiveCfg = Release|Any CPU
		{DBF4562D-9FA5-4B21-9269-762E9CF9A489}.Release_unified_staging|Any CPU.ActiveCfg = Release|Any CPU
		{DBF4562D-9FA5-4B21-9269-762E9CF9A489}.Release_unified_staging|x86.ActiveCfg = Release|Any CPU
		{DBF4562D-9FA5-4B21-9269-762E9CF9A489}.Release|Any CPU.ActiveCfg = Release|Any CPU
		{DBF4562D-9FA5-4B21-9269-762E9CF9A489}.Release|Any CPU.Build.0 = Release|Any CPU
		{DBF4562D-9FA5-4B21-9269-762E9CF9A489}.Release|x86.ActiveCfg = Release|Any CPU
		{DBF4562D-9FA5-4B21-9269-762E9CF9A489}.SingleImage|Any CPU.ActiveCfg = Release|Any CPU
		{DBF4562D-9FA5-4B21-9269-762E9CF9A489}.SingleImage|x86.ActiveCfg = Release|Any CPU
		{9210060C-4868-4CC6-BFFB-2F2862678B19}.Debug_ednrd_prod|Any CPU.ActiveCfg = Debug|Any CPU
		{9210060C-4868-4CC6-BFFB-2F2862678B19}.Debug_ednrd_prod|Any CPU.Build.0 = Debug|Any CPU
		{9210060C-4868-4CC6-BFFB-2F2862678B19}.Debug_ednrd_prod|x86.ActiveCfg = Debug|Any CPU
		{9210060C-4868-4CC6-BFFB-2F2862678B19}.Debug_ednrd_qmg|Any CPU.ActiveCfg = Debug|Any CPU
		{9210060C-4868-4CC6-BFFB-2F2862678B19}.Debug_ednrd_qmg|x86.ActiveCfg = Debug|Any CPU
		{9210060C-4868-4CC6-BFFB-2F2862678B19}.Debug_ednrd_staging|Any CPU.ActiveCfg = Debug|Any CPU
		{9210060C-4868-4CC6-BFFB-2F2862678B19}.Debug_ednrd_staging|x86.ActiveCfg = Debug|Any CPU
		{9210060C-4868-4CC6-BFFB-2F2862678B19}.Debug_fis_qmg|Any CPU.ActiveCfg = Debug|Any CPU
		{9210060C-4868-4CC6-BFFB-2F2862678B19}.Debug_fis_qmg|x86.ActiveCfg = Debug|Any CPU
		{9210060C-4868-4CC6-BFFB-2F2862678B19}.Debug_seaport_qmg|Any CPU.ActiveCfg = Debug|Any CPU
		{9210060C-4868-4CC6-BFFB-2F2862678B19}.Debug_seaport_qmg|x86.ActiveCfg = Debug|Any CPU
		{9210060C-4868-4CC6-BFFB-2F2862678B19}.debug_unified_dev|Any CPU.ActiveCfg = Debug|Any CPU
		{9210060C-4868-4CC6-BFFB-2F2862678B19}.debug_unified_dev|x86.ActiveCfg = Debug|Any CPU
		{9210060C-4868-4CC6-BFFB-2F2862678B19}.Debug_unified_qmg|Any CPU.ActiveCfg = Debug|Any CPU
		{9210060C-4868-4CC6-BFFB-2F2862678B19}.Debug_unified_qmg|x86.ActiveCfg = Debug|Any CPU
		{9210060C-4868-4CC6-BFFB-2F2862678B19}.Debug|Any CPU.ActiveCfg = Debug|Any CPU
		{9210060C-4868-4CC6-BFFB-2F2862678B19}.Debug|Any CPU.Build.0 = Debug|Any CPU
		{9210060C-4868-4CC6-BFFB-2F2862678B19}.Debug|x86.ActiveCfg = Debug|Any CPU
		{9210060C-4868-4CC6-BFFB-2F2862678B19}.EmaratechDev|Any CPU.ActiveCfg = EmaratechDev|Any CPU
		{9210060C-4868-4CC6-BFFB-2F2862678B19}.EmaratechDev|Any CPU.Build.0 = EmaratechDev|Any CPU
		{9210060C-4868-4CC6-BFFB-2F2862678B19}.EmaratechDev|x86.ActiveCfg = EmaratechDev|Any CPU
		{9210060C-4868-4CC6-BFFB-2F2862678B19}.Release_ednrd_prod|Any CPU.ActiveCfg = Release|Any CPU
		{9210060C-4868-4CC6-BFFB-2F2862678B19}.Release_ednrd_prod|x86.ActiveCfg = Release|Any CPU
		{9210060C-4868-4CC6-BFFB-2F2862678B19}.Release_ednrd_qmg|Any CPU.ActiveCfg = Release|Any CPU
		{9210060C-4868-4CC6-BFFB-2F2862678B19}.Release_ednrd_qmg|x86.ActiveCfg = Release|Any CPU
		{9210060C-4868-4CC6-BFFB-2F2862678B19}.Release_ednrd_staging|Any CPU.ActiveCfg = Release|Any CPU
		{9210060C-4868-4CC6-BFFB-2F2862678B19}.Release_ednrd_staging|x86.ActiveCfg = Release|Any CPU
		{9210060C-4868-4CC6-BFFB-2F2862678B19}.Release_unified_prod|Any CPU.ActiveCfg = Release|Any CPU
		{9210060C-4868-4CC6-BFFB-2F2862678B19}.Release_unified_prod|x86.ActiveCfg = Release|Any CPU
		{9210060C-4868-4CC6-BFFB-2F2862678B19}.Release_unified_staging|Any CPU.ActiveCfg = Release|Any CPU
		{9210060C-4868-4CC6-BFFB-2F2862678B19}.Release_unified_staging|x86.ActiveCfg = Release|Any CPU
		{9210060C-4868-4CC6-BFFB-2F2862678B19}.Release|Any CPU.ActiveCfg = Release|Any CPU
		{9210060C-4868-4CC6-BFFB-2F2862678B19}.Release|Any CPU.Build.0 = Release|Any CPU
		{9210060C-4868-4CC6-BFFB-2F2862678B19}.Release|x86.ActiveCfg = Release|Any CPU
		{9210060C-4868-4CC6-BFFB-2F2862678B19}.SingleImage|Any CPU.ActiveCfg = Release|Any CPU
		{9210060C-4868-4CC6-BFFB-2F2862678B19}.SingleImage|x86.ActiveCfg = Release|Any CPU
		{6F31085D-D115-4DB7-AD63-5935B4C0D0A4}.Debug_ednrd_prod|Any CPU.ActiveCfg = Debug|Any CPU
		{6F31085D-D115-4DB7-AD63-5935B4C0D0A4}.Debug_ednrd_prod|Any CPU.Build.0 = Debug|Any CPU
		{6F31085D-D115-4DB7-AD63-5935B4C0D0A4}.Debug_ednrd_prod|x86.ActiveCfg = Debug|Any CPU
		{6F31085D-D115-4DB7-AD63-5935B4C0D0A4}.Debug_ednrd_qmg|Any CPU.ActiveCfg = Debug|Any CPU
		{6F31085D-D115-4DB7-AD63-5935B4C0D0A4}.Debug_ednrd_qmg|x86.ActiveCfg = Debug|Any CPU
		{6F31085D-D115-4DB7-AD63-5935B4C0D0A4}.Debug_ednrd_staging|Any CPU.ActiveCfg = Debug|Any CPU
		{6F31085D-D115-4DB7-AD63-5935B4C0D0A4}.Debug_ednrd_staging|x86.ActiveCfg = Debug|Any CPU
		{6F31085D-D115-4DB7-AD63-5935B4C0D0A4}.Debug_fis_qmg|Any CPU.ActiveCfg = Debug|Any CPU
		{6F31085D-D115-4DB7-AD63-5935B4C0D0A4}.Debug_fis_qmg|x86.ActiveCfg = Debug|Any CPU
		{6F31085D-D115-4DB7-AD63-5935B4C0D0A4}.Debug_seaport_qmg|Any CPU.ActiveCfg = Debug|Any CPU
		{6F31085D-D115-4DB7-AD63-5935B4C0D0A4}.Debug_seaport_qmg|x86.ActiveCfg = Debug|Any CPU
		{6F31085D-D115-4DB7-AD63-5935B4C0D0A4}.debug_unified_dev|Any CPU.ActiveCfg = Debug|Any CPU
		{6F31085D-D115-4DB7-AD63-5935B4C0D0A4}.debug_unified_dev|x86.ActiveCfg = Debug|Any CPU
		{6F31085D-D115-4DB7-AD63-5935B4C0D0A4}.Debug_unified_qmg|Any CPU.ActiveCfg = Debug|Any CPU
		{6F31085D-D115-4DB7-AD63-5935B4C0D0A4}.Debug_unified_qmg|x86.ActiveCfg = Debug|Any CPU
		{6F31085D-D115-4DB7-AD63-5935B4C0D0A4}.Debug|Any CPU.ActiveCfg = Debug|Any CPU
		{6F31085D-D115-4DB7-AD63-5935B4C0D0A4}.Debug|Any CPU.Build.0 = Debug|Any CPU
		{6F31085D-D115-4DB7-AD63-5935B4C0D0A4}.Debug|x86.ActiveCfg = Debug|Any CPU
		{6F31085D-D115-4DB7-AD63-5935B4C0D0A4}.EmaratechDev|Any CPU.ActiveCfg = EmaratechDev|Any CPU
		{6F31085D-D115-4DB7-AD63-5935B4C0D0A4}.EmaratechDev|Any CPU.Build.0 = EmaratechDev|Any CPU
		{6F31085D-D115-4DB7-AD63-5935B4C0D0A4}.EmaratechDev|x86.ActiveCfg = EmaratechDev|Any CPU
		{6F31085D-D115-4DB7-AD63-5935B4C0D0A4}.Release_ednrd_prod|Any CPU.ActiveCfg = Release|Any CPU
		{6F31085D-D115-4DB7-AD63-5935B4C0D0A4}.Release_ednrd_prod|x86.ActiveCfg = Release|Any CPU
		{6F31085D-D115-4DB7-AD63-5935B4C0D0A4}.Release_ednrd_qmg|Any CPU.ActiveCfg = Release|Any CPU
		{6F31085D-D115-4DB7-AD63-5935B4C0D0A4}.Release_ednrd_qmg|x86.ActiveCfg = Release|Any CPU
		{6F31085D-D115-4DB7-AD63-5935B4C0D0A4}.Release_ednrd_staging|Any CPU.ActiveCfg = Release|Any CPU
		{6F31085D-D115-4DB7-AD63-5935B4C0D0A4}.Release_ednrd_staging|x86.ActiveCfg = Release|Any CPU
		{6F31085D-D115-4DB7-AD63-5935B4C0D0A4}.Release_unified_prod|Any CPU.ActiveCfg = Release|Any CPU
		{6F31085D-D115-4DB7-AD63-5935B4C0D0A4}.Release_unified_prod|x86.ActiveCfg = Release|Any CPU
		{6F31085D-D115-4DB7-AD63-5935B4C0D0A4}.Release_unified_staging|Any CPU.ActiveCfg = Release|Any CPU
		{6F31085D-D115-4DB7-AD63-5935B4C0D0A4}.Release_unified_staging|x86.ActiveCfg = Release|Any CPU
		{6F31085D-D115-4DB7-AD63-5935B4C0D0A4}.Release|Any CPU.ActiveCfg = Release|Any CPU
		{6F31085D-D115-4DB7-AD63-5935B4C0D0A4}.Release|Any CPU.Build.0 = Release|Any CPU
		{6F31085D-D115-4DB7-AD63-5935B4C0D0A4}.Release|x86.ActiveCfg = Release|Any CPU
		{6F31085D-D115-4DB7-AD63-5935B4C0D0A4}.SingleImage|Any CPU.ActiveCfg = Release|Any CPU
		{6F31085D-D115-4DB7-AD63-5935B4C0D0A4}.SingleImage|x86.ActiveCfg = Release|Any CPU
		{B400BA8E-D471-4DDE-856F-B5B3504A7C37}.Debug_ednrd_prod|Any CPU.ActiveCfg = Debug|Any CPU
		{B400BA8E-D471-4DDE-856F-B5B3504A7C37}.Debug_ednrd_prod|Any CPU.Build.0 = Debug|Any CPU
		{B400BA8E-D471-4DDE-856F-B5B3504A7C37}.Debug_ednrd_prod|x86.ActiveCfg = Debug|Any CPU
		{B400BA8E-D471-4DDE-856F-B5B3504A7C37}.Debug_ednrd_qmg|Any CPU.ActiveCfg = Debug|Any CPU
		{B400BA8E-D471-4DDE-856F-B5B3504A7C37}.Debug_ednrd_qmg|x86.ActiveCfg = Debug|Any CPU
		{B400BA8E-D471-4DDE-856F-B5B3504A7C37}.Debug_ednrd_staging|Any CPU.ActiveCfg = Debug|Any CPU
		{B400BA8E-D471-4DDE-856F-B5B3504A7C37}.Debug_ednrd_staging|x86.ActiveCfg = Debug|Any CPU
		{B400BA8E-D471-4DDE-856F-B5B3504A7C37}.Debug_fis_qmg|Any CPU.ActiveCfg = Debug|Any CPU
		{B400BA8E-D471-4DDE-856F-B5B3504A7C37}.Debug_fis_qmg|x86.ActiveCfg = Debug|Any CPU
		{B400BA8E-D471-4DDE-856F-B5B3504A7C37}.Debug_seaport_qmg|Any CPU.ActiveCfg = Debug|Any CPU
		{B400BA8E-D471-4DDE-856F-B5B3504A7C37}.Debug_seaport_qmg|x86.ActiveCfg = Debug|Any CPU
		{B400BA8E-D471-4DDE-856F-B5B3504A7C37}.debug_unified_dev|Any CPU.ActiveCfg = Debug|Any CPU
		{B400BA8E-D471-4DDE-856F-B5B3504A7C37}.debug_unified_dev|x86.ActiveCfg = Debug|Any CPU
		{B400BA8E-D471-4DDE-856F-B5B3504A7C37}.Debug_unified_qmg|Any CPU.ActiveCfg = Debug|Any CPU
		{B400BA8E-D471-4DDE-856F-B5B3504A7C37}.Debug_unified_qmg|x86.ActiveCfg = Debug|Any CPU
		{B400BA8E-D471-4DDE-856F-B5B3504A7C37}.Debug|Any CPU.ActiveCfg = Debug|Any CPU
		{B400BA8E-D471-4DDE-856F-B5B3504A7C37}.Debug|Any CPU.Build.0 = Debug|Any CPU
		{B400BA8E-D471-4DDE-856F-B5B3504A7C37}.Debug|x86.ActiveCfg = Debug|Any CPU
		{B400BA8E-D471-4DDE-856F-B5B3504A7C37}.EmaratechDev|Any CPU.ActiveCfg = EmaratechDev|Any CPU
		{B400BA8E-D471-4DDE-856F-B5B3504A7C37}.EmaratechDev|Any CPU.Build.0 = EmaratechDev|Any CPU
		{B400BA8E-D471-4DDE-856F-B5B3504A7C37}.EmaratechDev|x86.ActiveCfg = EmaratechDev|Any CPU
		{B400BA8E-D471-4DDE-856F-B5B3504A7C37}.Release_ednrd_prod|Any CPU.ActiveCfg = Release|Any CPU
		{B400BA8E-D471-4DDE-856F-B5B3504A7C37}.Release_ednrd_prod|x86.ActiveCfg = Release|Any CPU
		{B400BA8E-D471-4DDE-856F-B5B3504A7C37}.Release_ednrd_qmg|Any CPU.ActiveCfg = Release|Any CPU
		{B400BA8E-D471-4DDE-856F-B5B3504A7C37}.Release_ednrd_qmg|x86.ActiveCfg = Release|Any CPU
		{B400BA8E-D471-4DDE-856F-B5B3504A7C37}.Release_ednrd_staging|Any CPU.ActiveCfg = Release|Any CPU
		{B400BA8E-D471-4DDE-856F-B5B3504A7C37}.Release_ednrd_staging|x86.ActiveCfg = Release|Any CPU
		{B400BA8E-D471-4DDE-856F-B5B3504A7C37}.Release_unified_prod|Any CPU.ActiveCfg = Release|Any CPU
		{B400BA8E-D471-4DDE-856F-B5B3504A7C37}.Release_unified_prod|x86.ActiveCfg = Release|Any CPU
		{B400BA8E-D471-4DDE-856F-B5B3504A7C37}.Release_unified_staging|Any CPU.ActiveCfg = Release|Any CPU
		{B400BA8E-D471-4DDE-856F-B5B3504A7C37}.Release_unified_staging|x86.ActiveCfg = Release|Any CPU
		{B400BA8E-D471-4DDE-856F-B5B3504A7C37}.Release|Any CPU.ActiveCfg = Release|Any CPU
		{B400BA8E-D471-4DDE-856F-B5B3504A7C37}.Release|Any CPU.Build.0 = Release|Any CPU
		{B400BA8E-D471-4DDE-856F-B5B3504A7C37}.Release|x86.ActiveCfg = Release|Any CPU
		{B400BA8E-D471-4DDE-856F-B5B3504A7C37}.SingleImage|Any CPU.ActiveCfg = Release|Any CPU
		{B400BA8E-D471-4DDE-856F-B5B3504A7C37}.SingleImage|x86.ActiveCfg = Release|Any CPU
		{6AC16346-17BD-4F65-9C41-2F940820F007}.Debug_ednrd_prod|Any CPU.ActiveCfg = Debug|Any CPU
		{6AC16346-17BD-4F65-9C41-2F940820F007}.Debug_ednrd_prod|Any CPU.Build.0 = Debug|Any CPU
		{6AC16346-17BD-4F65-9C41-2F940820F007}.Debug_ednrd_prod|x86.ActiveCfg = Debug|Any CPU
		{6AC16346-17BD-4F65-9C41-2F940820F007}.Debug_ednrd_qmg|Any CPU.ActiveCfg = Debug|Any CPU
		{6AC16346-17BD-4F65-9C41-2F940820F007}.Debug_ednrd_qmg|x86.ActiveCfg = Debug|Any CPU
		{6AC16346-17BD-4F65-9C41-2F940820F007}.Debug_ednrd_staging|Any CPU.ActiveCfg = Debug|Any CPU
		{6AC16346-17BD-4F65-9C41-2F940820F007}.Debug_ednrd_staging|x86.ActiveCfg = Debug|Any CPU
		{6AC16346-17BD-4F65-9C41-2F940820F007}.Debug_fis_qmg|Any CPU.ActiveCfg = Debug|Any CPU
		{6AC16346-17BD-4F65-9C41-2F940820F007}.Debug_fis_qmg|x86.ActiveCfg = Debug|Any CPU
		{6AC16346-17BD-4F65-9C41-2F940820F007}.Debug_seaport_qmg|Any CPU.ActiveCfg = Debug|Any CPU
		{6AC16346-17BD-4F65-9C41-2F940820F007}.Debug_seaport_qmg|x86.ActiveCfg = Debug|Any CPU
		{6AC16346-17BD-4F65-9C41-2F940820F007}.debug_unified_dev|Any CPU.ActiveCfg = Debug|Any CPU
		{6AC16346-17BD-4F65-9C41-2F940820F007}.debug_unified_dev|x86.ActiveCfg = Debug|Any CPU
		{6AC16346-17BD-4F65-9C41-2F940820F007}.Debug_unified_qmg|Any CPU.ActiveCfg = Debug|Any CPU
		{6AC16346-17BD-4F65-9C41-2F940820F007}.Debug_unified_qmg|x86.ActiveCfg = Debug|Any CPU
		{6AC16346-17BD-4F65-9C41-2F940820F007}.Debug|Any CPU.ActiveCfg = Debug|Any CPU
		{6AC16346-17BD-4F65-9C41-2F940820F007}.Debug|Any CPU.Build.0 = Debug|Any CPU
		{6AC16346-17BD-4F65-9C41-2F940820F007}.Debug|x86.ActiveCfg = Debug|Any CPU
		{6AC16346-17BD-4F65-9C41-2F940820F007}.EmaratechDev|Any CPU.ActiveCfg = EmaratechDev|Any CPU
		{6AC16346-17BD-4F65-9C41-2F940820F007}.EmaratechDev|Any CPU.Build.0 = EmaratechDev|Any CPU
		{6AC16346-17BD-4F65-9C41-2F940820F007}.EmaratechDev|x86.ActiveCfg = EmaratechDev|Any CPU
		{6AC16346-17BD-4F65-9C41-2F940820F007}.Release_ednrd_prod|Any CPU.ActiveCfg = Release|Any CPU
		{6AC16346-17BD-4F65-9C41-2F940820F007}.Release_ednrd_prod|x86.ActiveCfg = Release|Any CPU
		{6AC16346-17BD-4F65-9C41-2F940820F007}.Release_ednrd_qmg|Any CPU.ActiveCfg = Release|Any CPU
		{6AC16346-17BD-4F65-9C41-2F940820F007}.Release_ednrd_qmg|x86.ActiveCfg = Release|Any CPU
		{6AC16346-17BD-4F65-9C41-2F940820F007}.Release_ednrd_staging|Any CPU.ActiveCfg = Release|Any CPU
		{6AC16346-17BD-4F65-9C41-2F940820F007}.Release_ednrd_staging|x86.ActiveCfg = Release|Any CPU
		{6AC16346-17BD-4F65-9C41-2F940820F007}.Release_unified_prod|Any CPU.ActiveCfg = Release|Any CPU
		{6AC16346-17BD-4F65-9C41-2F940820F007}.Release_unified_prod|x86.ActiveCfg = Release|Any CPU
		{6AC16346-17BD-4F65-9C41-2F940820F007}.Release_unified_staging|Any CPU.ActiveCfg = Release|Any CPU
		{6AC16346-17BD-4F65-9C41-2F940820F007}.Release_unified_staging|x86.ActiveCfg = Release|Any CPU
		{6AC16346-17BD-4F65-9C41-2F940820F007}.Release|Any CPU.ActiveCfg = Release|Any CPU
		{6AC16346-17BD-4F65-9C41-2F940820F007}.Release|Any CPU.Build.0 = Release|Any CPU
		{6AC16346-17BD-4F65-9C41-2F940820F007}.Release|x86.ActiveCfg = Release|Any CPU
		{6AC16346-17BD-4F65-9C41-2F940820F007}.SingleImage|Any CPU.ActiveCfg = Release|Any CPU
		{6AC16346-17BD-4F65-9C41-2F940820F007}.SingleImage|x86.ActiveCfg = Release|Any CPU
		{29D25AFF-F93F-46DB-ABC7-B5E266B4274A}.Debug_ednrd_prod|Any CPU.ActiveCfg = Debug|Any CPU
		{29D25AFF-F93F-46DB-ABC7-B5E266B4274A}.Debug_ednrd_prod|Any CPU.Build.0 = Debug|Any CPU
		{29D25AFF-F93F-46DB-ABC7-B5E266B4274A}.Debug_ednrd_prod|x86.ActiveCfg = Debug|Any CPU
		{29D25AFF-F93F-46DB-ABC7-B5E266B4274A}.Debug_ednrd_qmg|Any CPU.ActiveCfg = Debug|Any CPU
		{29D25AFF-F93F-46DB-ABC7-B5E266B4274A}.Debug_ednrd_qmg|x86.ActiveCfg = Debug|Any CPU
		{29D25AFF-F93F-46DB-ABC7-B5E266B4274A}.Debug_ednrd_staging|Any CPU.ActiveCfg = Debug|Any CPU
		{29D25AFF-F93F-46DB-ABC7-B5E266B4274A}.Debug_ednrd_staging|x86.ActiveCfg = Debug|Any CPU
		{29D25AFF-F93F-46DB-ABC7-B5E266B4274A}.Debug_fis_qmg|Any CPU.ActiveCfg = Debug|Any CPU
		{29D25AFF-F93F-46DB-ABC7-B5E266B4274A}.Debug_fis_qmg|x86.ActiveCfg = Debug|Any CPU
		{29D25AFF-F93F-46DB-ABC7-B5E266B4274A}.Debug_seaport_qmg|Any CPU.ActiveCfg = Debug|Any CPU
		{29D25AFF-F93F-46DB-ABC7-B5E266B4274A}.Debug_seaport_qmg|x86.ActiveCfg = Debug|Any CPU
		{29D25AFF-F93F-46DB-ABC7-B5E266B4274A}.debug_unified_dev|Any CPU.ActiveCfg = Debug|Any CPU
		{29D25AFF-F93F-46DB-ABC7-B5E266B4274A}.debug_unified_dev|x86.ActiveCfg = Debug|Any CPU
		{29D25AFF-F93F-46DB-ABC7-B5E266B4274A}.Debug_unified_qmg|Any CPU.ActiveCfg = Debug|Any CPU
		{29D25AFF-F93F-46DB-ABC7-B5E266B4274A}.Debug_unified_qmg|x86.ActiveCfg = Debug|Any CPU
		{29D25AFF-F93F-46DB-ABC7-B5E266B4274A}.Debug|Any CPU.ActiveCfg = Debug|Any CPU
		{29D25AFF-F93F-46DB-ABC7-B5E266B4274A}.Debug|Any CPU.Build.0 = Debug|Any CPU
		{29D25AFF-F93F-46DB-ABC7-B5E266B4274A}.Debug|x86.ActiveCfg = Debug|Any CPU
		{29D25AFF-F93F-46DB-ABC7-B5E266B4274A}.EmaratechDev|Any CPU.ActiveCfg = EmaratechDev|Any CPU
		{29D25AFF-F93F-46DB-ABC7-B5E266B4274A}.EmaratechDev|Any CPU.Build.0 = EmaratechDev|Any CPU
		{29D25AFF-F93F-46DB-ABC7-B5E266B4274A}.EmaratechDev|x86.ActiveCfg = EmaratechDev|Any CPU
		{29D25AFF-F93F-46DB-ABC7-B5E266B4274A}.Release_ednrd_prod|Any CPU.ActiveCfg = Release|Any CPU
		{29D25AFF-F93F-46DB-ABC7-B5E266B4274A}.Release_ednrd_prod|x86.ActiveCfg = Release|Any CPU
		{29D25AFF-F93F-46DB-ABC7-B5E266B4274A}.Release_ednrd_qmg|Any CPU.ActiveCfg = Release|Any CPU
		{29D25AFF-F93F-46DB-ABC7-B5E266B4274A}.Release_ednrd_qmg|x86.ActiveCfg = Release|Any CPU
		{29D25AFF-F93F-46DB-ABC7-B5E266B4274A}.Release_ednrd_staging|Any CPU.ActiveCfg = Release|Any CPU
		{29D25AFF-F93F-46DB-ABC7-B5E266B4274A}.Release_ednrd_staging|x86.ActiveCfg = Release|Any CPU
		{29D25AFF-F93F-46DB-ABC7-B5E266B4274A}.Release_unified_prod|Any CPU.ActiveCfg = Release|Any CPU
		{29D25AFF-F93F-46DB-ABC7-B5E266B4274A}.Release_unified_prod|x86.ActiveCfg = Release|Any CPU
		{29D25AFF-F93F-46DB-ABC7-B5E266B4274A}.Release_unified_staging|Any CPU.ActiveCfg = Release|Any CPU
		{29D25AFF-F93F-46DB-ABC7-B5E266B4274A}.Release_unified_staging|x86.ActiveCfg = Release|Any CPU
		{29D25AFF-F93F-46DB-ABC7-B5E266B4274A}.Release|Any CPU.ActiveCfg = Release|Any CPU
		{29D25AFF-F93F-46DB-ABC7-B5E266B4274A}.Release|Any CPU.Build.0 = Release|Any CPU
		{29D25AFF-F93F-46DB-ABC7-B5E266B4274A}.Release|x86.ActiveCfg = Release|Any CPU
		{29D25AFF-F93F-46DB-ABC7-B5E266B4274A}.SingleImage|Any CPU.ActiveCfg = Release|Any CPU
		{29D25AFF-F93F-46DB-ABC7-B5E266B4274A}.SingleImage|x86.ActiveCfg = Release|Any CPU
	EndGlobalSection
	GlobalSection(SolutionProperties) = preSolution
		HideSolutionNode = FALSE
	EndGlobalSection
EndGlobal
